PODS:
  - AFDateHelper (3.5.3)
  - Charts (3.0.0):
    - Charts/Core (= 3.0.0)
  - Charts/Core (3.0.0)
  - CSwiftV (0.0.5)
  - EasyAnimation (1.0.5)
  - Observable-Swift (0.6.0)
  - Realm (2.4.2):
    - Realm/Headers (= 2.4.2)
  - Realm/Headers (2.4.2)
  - RealmSwift (2.4.2):
    - Realm (= 2.4.2)
  - SnapKit (3.0.2)
  - Spring (1.0.3)
  - SwiftDate (4.0.6)
  - TransitionTreasury (3.1.0)

DEPENDENCIES:
  - AFDateHelper (from `https://github.com/melvitax/DateHelper.git`, branch `master`)
  - Charts (from `https://github.com/danielgindi/Charts.git`, branch `master`)
  - CSwiftV (from `https://github.com/Daniel1of1/CSwiftV`, branch `master`)
  - EasyAnimation (from `https://github.com/icanzilb/EasyAnimation`, branch `swift3`)
  - Observable-Swift (from `https://github.com/Vaseltior/Observable-Swift.git`, branch `master`)
  - RealmSwift
  - SnapKit (~> 3.0.2)
  - Spring (from `https://github.com/MengTo/Spring.git`, branch `swift3`)
  - SwiftDate (~> 4.0)
  - TransitionTreasury (from `https://github.com/DianQK/TransitionTreasury.git`, branch `swift3`)

EXTERNAL SOURCES:
  AFDateHelper:
    :branch: master
    :git: https://github.com/melvitax/DateHelper.git
  Charts:
    :branch: master
    :git: https://github.com/danielgindi/Charts.git
  CSwiftV:
    :branch: master
    :git: https://github.com/Daniel1of1/CSwiftV
  EasyAnimation:
    :branch: swift3
    :git: https://github.com/icanzilb/EasyAnimation
  Observable-Swift:
    :branch: master
    :git: https://github.com/Vaseltior/Observable-Swift.git
  Spring:
    :branch: swift3
    :git: https://github.com/MengTo/Spring.git
  TransitionTreasury:
    :branch: swift3
    :git: https://github.com/DianQK/TransitionTreasury.git

CHECKOUT OPTIONS:
  AFDateHelper:
    :commit: 4bbc3cd37f961115529e45298767459c9fb45439
    :git: https://github.com/melvitax/DateHelper.git
  Charts:
    :commit: e89676c6b7e8481c363415e19b28c9b61d74d984
    :git: https://github.com/danielgindi/Charts.git
  CSwiftV:
    :commit: e43e381d30c2bbc3967d1bf31e13076608095544
    :git: https://github.com/Daniel1of1/CSwiftV
  EasyAnimation:
    :commit: 2c6e46c05778a2de75e5e69fb0cbcdb48e294b37
    :git: https://github.com/icanzilb/EasyAnimation
  Observable-Swift:
    :commit: e6d712dd7fc7a7dfac5457e9e122dcf040839811
    :git: https://github.com/Vaseltior/Observable-Swift.git
  Spring:
    :commit: 3a9227c6e9157e7b47f5ac1ee5abab2a56b50002
    :git: https://github.com/MengTo/Spring.git
  TransitionTreasury:
    :commit: 880201a323c7fd40a569d443739b94fb54830c23
    :git: https://github.com/DianQK/TransitionTreasury.git

SPEC CHECKSUMS:
  AFDateHelper: e64bcc4a88a07e1d3e62442741b2a164adc02d77
  Charts: 3f0da988b104c8e5f069fcef55da699f597dac67
  CSwiftV: 2560532e2e5b04d95c36b0f49a8dc745071fa525
  EasyAnimation: 32821f37dd39187e7364369a3d8f65d38405cf1d
  Observable-Swift: c63b9fc990703b135450cb5bd3541022384867ae
  Realm: d27b758e12d62a3371879a065d4c40aa212c5a54
  RealmSwift: 9556c0fe0f0cfecacfb755ae9e68ff379fc6bead
  SnapKit: 2e456761aa92d4d4067a7a5594c18769d451a8ad
  Spring: 3f02b5dc3308572ef177b3cad0fa7bbc4b0706f7
  SwiftDate: 549729eaa54bd9f64fd80abfd12ddd3d44ff5098
  TransitionTreasury: d2e901181a157719d4b275638a40ca2d794bc601

PODFILE CHECKSUM: a35fdcfab0619d0f38a250e545e5bec134389409

COCOAPODS: 1.2.0
