// !$*UTF8*$!
{
	archiveVersion = 1;
	classes = {
	};
	objectVersion = 46;
	objects = {

/* Begin PBXBuildFile section */
		4533B4B81C86439C00CCBE63 /* AppDelegate.swift in Sources */ = {isa = PBXBuildFile; fileRef = 4533B4B71C86439C00CCBE63 /* AppDelegate.swift */; };
		4533B4BA1C86439C00CCBE63 /* MainViewParentController.swift in Sources */ = {isa = PBXBuildFile; fileRef = 4533B4B91C86439C00CCBE63 /* MainViewParentController.swift */; };
		4533B4BD1C86439C00CCBE63 /* Main.storyboard in Resources */ = {isa = PBXBuildFile; fileRef = 4533B4BB1C86439C00CCBE63 /* Main.storyboard */; };
		4533B4BF1C86439C00CCBE63 /* Assets.xcassets in Resources */ = {isa = PBXBuildFile; fileRef = 4533B4BE1C86439C00CCBE63 /* Assets.xcassets */; };
		4533B4C21C86439C00CCBE63 /* LaunchScreen.storyboard in Resources */ = {isa = PBXBuildFile; fileRef = 4533B4C01C86439C00CCBE63 /* LaunchScreen.storyboard */; };
		4533B4CA1C8648BF00CCBE63 /* Extensions.swift in Sources */ = {isa = PBXBuildFile; fileRef = 4533B4C91C8648BF00CCBE63 /* Extensions.swift */; };
		4533B4CC1C8648D500CCBE63 /* Shared.swift in Sources */ = {isa = PBXBuildFile; fileRef = 4533B4CB1C8648D500CCBE63 /* Shared.swift */; };
		4533B4CE1C86557C00CCBE63 /* SessionViewController.swift in Sources */ = {isa = PBXBuildFile; fileRef = 4533B4CD1C86557C00CCBE63 /* SessionViewController.swift */; };
		4533B4D11C86570400CCBE63 /* Circle.png in Resources */ = {isa = PBXBuildFile; fileRef = 4533B4D01C86570400CCBE63 /* Circle.png */; };
		4533B4D31C86584E00CCBE63 /* plane-front-view.png in Resources */ = {isa = PBXBuildFile; fileRef = 4533B4D21C86584E00CCBE63 /* plane-front-view.png */; };
		4533B4D51C8667E600CCBE63 /* speedometer.png in Resources */ = {isa = PBXBuildFile; fileRef = 4533B4D41C8667E600CCBE63 /* speedometer.png */; };
		4533B4D71C868A0F00CCBE63 /* explore-tool.png in Resources */ = {isa = PBXBuildFile; fileRef = 4533B4D61C868A0F00CCBE63 /* explore-tool.png */; };
		4533B4D91C868AC000CCBE63 /* mountain-range.png in Resources */ = {isa = PBXBuildFile; fileRef = 4533B4D81C868AC000CCBE63 /* mountain-range.png */; };
		4533B4DD1C87F16000CCBE63 /* TraceEvent.swift in Sources */ = {isa = PBXBuildFile; fileRef = 4533B4DC1C87F16000CCBE63 /* TraceEvent.swift */; };
		45FC60991C96512900ADBBB8 /* FeelinGood.mp3 in Resources */ = {isa = PBXBuildFile; fileRef = 45FC60961C96512900ADBBB8 /* FeelinGood.mp3 */; };
		45FC609A1C96512900ADBBB8 /* IronBacon.mp3 in Resources */ = {isa = PBXBuildFile; fileRef = 45FC60971C96512900ADBBB8 /* IronBacon.mp3 */; };
		45FC609B1C96512900ADBBB8 /* WhatYouWant.mp3 in Resources */ = {isa = PBXBuildFile; fileRef = 45FC60981C96512900ADBBB8 /* WhatYouWant.mp3 */; };
		45FC609F1C98ED5100ADBBB8 /* BlackBox.swift in Sources */ = {isa = PBXBuildFile; fileRef = 45FC609E1C98ED5100ADBBB8 /* BlackBox.swift */; };
		45FC60A11C990A6300ADBBB8 /* 10sec.mp3 in Resources */ = {isa = PBXBuildFile; fileRef = 45FC60A01C990A6300ADBBB8 /* 10sec.mp3 */; };
		45FC60A31C99118D00ADBBB8 /* airports.csv in Resources */ = {isa = PBXBuildFile; fileRef = 45FC60A21C99118D00ADBBB8 /* airports.csv */; };
		45FC60A51C9911BA00ADBBB8 /* AirPort.swift in Sources */ = {isa = PBXBuildFile; fileRef = 45FC60A41C9911BA00ADBBB8 /* AirPort.swift */; };
		D6971AEF541264941E1E9E70 /* Pods.framework in Frameworks */ = {isa = PBXBuildFile; fileRef = BB88BEA106A1B8DC0FBB31DC /* Pods.framework */; };
		FC66849F1C88EE29007DF2F9 /* TakePhotoRect.png in Resources */ = {isa = PBXBuildFile; fileRef = FC66849E1C88EE29007DF2F9 /* TakePhotoRect.png */; };
		FC6684A31C88F6FB007DF2F9 /* EditFlightViewController.swift in Sources */ = {isa = PBXBuildFile; fileRef = FC6684A21C88F6FB007DF2F9 /* EditFlightViewController.swift */; };
		FC6684A51C88FB24007DF2F9 /* FeedViewController.swift in Sources */ = {isa = PBXBuildFile; fileRef = FC6684A41C88FB24007DF2F9 /* FeedViewController.swift */; };
		FC6684A71C88FB65007DF2F9 /* R.generated.swift in Sources */ = {isa = PBXBuildFile; fileRef = FC6684A61C88FB65007DF2F9 /* R.generated.swift */; };
		FC9A6E961C8FEE4E009686C5 /* Pods.framework in Frameworks */ = {isa = PBXBuildFile; fileRef = BB88BEA106A1B8DC0FBB31DC /* Pods.framework */; };
		FC9A6E971C8FEE4E009686C5 /* Pods.framework in Embed Frameworks */ = {isa = PBXBuildFile; fileRef = BB88BEA106A1B8DC0FBB31DC /* Pods.framework */; settings = {ATTRIBUTES = (CodeSignOnCopy, RemoveHeadersOnCopy, ); }; };
		FC9A6E9A1C8FFB34009686C5 /* ResultDiaplayCells.swift in Sources */ = {isa = PBXBuildFile; fileRef = FC9A6E991C8FFB34009686C5 /* ResultDiaplayCells.swift */; };
		FC9A6E9C1C90059A009686C5 /* MotionKit.swift in Sources */ = {isa = PBXBuildFile; fileRef = FC9A6E9B1C90059A009686C5 /* MotionKit.swift */; };
		FC9A6EC51C929060009686C5 /* transport.png in Resources */ = {isa = PBXBuildFile; fileRef = FC9A6EC41C929060009686C5 /* transport.png */; };
		FC9A6EC81C92A1AD009686C5 /* FeedViewCells.swift in Sources */ = {isa = PBXBuildFile; fileRef = FC9A6EC71C92A1AD009686C5 /* FeedViewCells.swift */; };
		FCFB066D1C8E986900A90FBF /* ResultDisplayViewController.swift in Sources */ = {isa = PBXBuildFile; fileRef = FCFB066C1C8E986900A90FBF /* ResultDisplayViewController.swift */; };
		FCFB06701C8E9DAA00A90FBF /* MulticolorPolylineSegment.swift in Sources */ = {isa = PBXBuildFile; fileRef = FCFB066F1C8E9DAA00A90FBF /* MulticolorPolylineSegment.swift */; };
/* End PBXBuildFile section */

/* Begin PBXCopyFilesBuildPhase section */
		FC9A6E981C8FEE4E009686C5 /* Embed Frameworks */ = {
			isa = PBXCopyFilesBuildPhase;
			buildActionMask = 2147483647;
			dstPath = "";
			dstSubfolderSpec = 10;
			files = (
				FC9A6E971C8FEE4E009686C5 /* Pods.framework in Embed Frameworks */,
			);
			name = "Embed Frameworks";
			runOnlyForDeploymentPostprocessing = 0;
		};
/* End PBXCopyFilesBuildPhase section */

/* Begin PBXFileReference section */
		4533B4B41C86439C00CCBE63 /* TracePilot.app */ = {isa = PBXFileReference; explicitFileType = wrapper.application; includeInIndex = 0; path = TracePilot.app; sourceTree = BUILT_PRODUCTS_DIR; };
		4533B4B71C86439C00CCBE63 /* AppDelegate.swift */ = {isa = PBXFileReference; lastKnownFileType = sourcecode.swift; path = AppDelegate.swift; sourceTree = "<group>"; };
		4533B4B91C86439C00CCBE63 /* MainViewParentController.swift */ = {isa = PBXFileReference; lastKnownFileType = sourcecode.swift; path = MainViewParentController.swift; sourceTree = "<group>"; };
		4533B4BC1C86439C00CCBE63 /* Base */ = {isa = PBXFileReference; lastKnownFileType = file.storyboard; name = Base; path = Base.lproj/Main.storyboard; sourceTree = "<group>"; };
		4533B4BE1C86439C00CCBE63 /* Assets.xcassets */ = {isa = PBXFileReference; lastKnownFileType = folder.assetcatalog; path = Assets.xcassets; sourceTree = "<group>"; };
		4533B4C11C86439C00CCBE63 /* Base */ = {isa = PBXFileReference; lastKnownFileType = file.storyboard; name = Base; path = Base.lproj/LaunchScreen.storyboard; sourceTree = "<group>"; };
		4533B4C31C86439C00CCBE63 /* Info.plist */ = {isa = PBXFileReference; lastKnownFileType = text.plist.xml; path = Info.plist; sourceTree = "<group>"; };
		4533B4C91C8648BF00CCBE63 /* Extensions.swift */ = {isa = PBXFileReference; fileEncoding = 4; lastKnownFileType = sourcecode.swift; path = Extensions.swift; sourceTree = "<group>"; };
		4533B4CB1C8648D500CCBE63 /* Shared.swift */ = {isa = PBXFileReference; fileEncoding = 4; lastKnownFileType = sourcecode.swift; path = Shared.swift; sourceTree = "<group>"; };
		4533B4CD1C86557C00CCBE63 /* SessionViewController.swift */ = {isa = PBXFileReference; fileEncoding = 4; lastKnownFileType = sourcecode.swift; path = SessionViewController.swift; sourceTree = "<group>"; };
		4533B4D01C86570400CCBE63 /* Circle.png */ = {isa = PBXFileReference; lastKnownFileType = image.png; path = Circle.png; sourceTree = "<group>"; };
		4533B4D21C86584E00CCBE63 /* plane-front-view.png */ = {isa = PBXFileReference; lastKnownFileType = image.png; path = "plane-front-view.png"; sourceTree = "<group>"; };
		4533B4D41C8667E600CCBE63 /* speedometer.png */ = {isa = PBXFileReference; lastKnownFileType = image.png; path = speedometer.png; sourceTree = "<group>"; };
		4533B4D61C868A0F00CCBE63 /* explore-tool.png */ = {isa = PBXFileReference; lastKnownFileType = image.png; path = "explore-tool.png"; sourceTree = "<group>"; };
		4533B4D81C868AC000CCBE63 /* mountain-range.png */ = {isa = PBXFileReference; lastKnownFileType = image.png; path = "mountain-range.png"; sourceTree = "<group>"; };
		4533B4DC1C87F16000CCBE63 /* TraceEvent.swift */ = {isa = PBXFileReference; fileEncoding = 4; lastKnownFileType = sourcecode.swift; path = TraceEvent.swift; sourceTree = "<group>"; };
		45FC60961C96512900ADBBB8 /* FeelinGood.mp3 */ = {isa = PBXFileReference; lastKnownFileType = audio.mp3; path = FeelinGood.mp3; sourceTree = "<group>"; };
		45FC60971C96512900ADBBB8 /* IronBacon.mp3 */ = {isa = PBXFileReference; lastKnownFileType = audio.mp3; path = IronBacon.mp3; sourceTree = "<group>"; };
		45FC60981C96512900ADBBB8 /* WhatYouWant.mp3 */ = {isa = PBXFileReference; lastKnownFileType = audio.mp3; path = WhatYouWant.mp3; sourceTree = "<group>"; };
		45FC609E1C98ED5100ADBBB8 /* BlackBox.swift */ = {isa = PBXFileReference; fileEncoding = 4; lastKnownFileType = sourcecode.swift; path = BlackBox.swift; sourceTree = "<group>"; };
		45FC60A01C990A6300ADBBB8 /* 10sec.mp3 */ = {isa = PBXFileReference; lastKnownFileType = audio.mp3; path = 10sec.mp3; sourceTree = "<group>"; };
		45FC60A21C99118D00ADBBB8 /* airports.csv */ = {isa = PBXFileReference; fileEncoding = 4; lastKnownFileType = text; path = airports.csv; sourceTree = "<group>"; };
		45FC60A41C9911BA00ADBBB8 /* AirPort.swift */ = {isa = PBXFileReference; fileEncoding = 4; lastKnownFileType = sourcecode.swift; path = AirPort.swift; sourceTree = "<group>"; };
		BB88BEA106A1B8DC0FBB31DC /* Pods.framework */ = {isa = PBXFileReference; explicitFileType = wrapper.framework; includeInIndex = 0; path = Pods.framework; sourceTree = BUILT_PRODUCTS_DIR; };
		C528A53E4A25D06AFEC1EDFF /* Pods.debug.xcconfig */ = {isa = PBXFileReference; includeInIndex = 1; lastKnownFileType = text.xcconfig; name = Pods.debug.xcconfig; path = "Pods/Target Support Files/Pods/Pods.debug.xcconfig"; sourceTree = "<group>"; };
		CF3124C23F52557FBFF6BCBF /* Pods.release.xcconfig */ = {isa = PBXFileReference; includeInIndex = 1; lastKnownFileType = text.xcconfig; name = Pods.release.xcconfig; path = "Pods/Target Support Files/Pods/Pods.release.xcconfig"; sourceTree = "<group>"; };
		FC66849E1C88EE29007DF2F9 /* TakePhotoRect.png */ = {isa = PBXFileReference; lastKnownFileType = image.png; path = TakePhotoRect.png; sourceTree = "<group>"; };
		FC6684A21C88F6FB007DF2F9 /* EditFlightViewController.swift */ = {isa = PBXFileReference; fileEncoding = 4; lastKnownFileType = sourcecode.swift; path = EditFlightViewController.swift; sourceTree = "<group>"; };
		FC6684A41C88FB24007DF2F9 /* FeedViewController.swift */ = {isa = PBXFileReference; fileEncoding = 4; lastKnownFileType = sourcecode.swift; path = FeedViewController.swift; sourceTree = "<group>"; };
		FC6684A61C88FB65007DF2F9 /* R.generated.swift */ = {isa = PBXFileReference; fileEncoding = 4; lastKnownFileType = sourcecode.swift; path = R.generated.swift; sourceTree = "<group>"; };
		FC9A6E991C8FFB34009686C5 /* ResultDiaplayCells.swift */ = {isa = PBXFileReference; fileEncoding = 4; lastKnownFileType = sourcecode.swift; path = ResultDiaplayCells.swift; sourceTree = "<group>"; };
		FC9A6E9B1C90059A009686C5 /* MotionKit.swift */ = {isa = PBXFileReference; fileEncoding = 4; lastKnownFileType = sourcecode.swift; path = MotionKit.swift; sourceTree = "<group>"; };
		FC9A6EC41C929060009686C5 /* transport.png */ = {isa = PBXFileReference; lastKnownFileType = image.png; path = transport.png; sourceTree = "<group>"; };
		FC9A6EC71C92A1AD009686C5 /* FeedViewCells.swift */ = {isa = PBXFileReference; fileEncoding = 4; lastKnownFileType = sourcecode.swift; path = FeedViewCells.swift; sourceTree = "<group>"; };
		FCFB066C1C8E986900A90FBF /* ResultDisplayViewController.swift */ = {isa = PBXFileReference; fileEncoding = 4; lastKnownFileType = sourcecode.swift; path = ResultDisplayViewController.swift; sourceTree = "<group>"; };
		FCFB066F1C8E9DAA00A90FBF /* MulticolorPolylineSegment.swift */ = {isa = PBXFileReference; fileEncoding = 4; lastKnownFileType = sourcecode.swift; path = MulticolorPolylineSegment.swift; sourceTree = "<group>"; };
/* End PBXFileReference section */

/* Begin PBXFrameworksBuildPhase section */
		4533B4B11C86439C00CCBE63 /* Frameworks */ = {
			isa = PBXFrameworksBuildPhase;
			buildActionMask = 2147483647;
			files = (
				FC9A6E961C8FEE4E009686C5 /* Pods.framework in Frameworks */,
				D6971AEF541264941E1E9E70 /* Pods.framework in Frameworks */,
			);
			runOnlyForDeploymentPostprocessing = 0;
		};
/* End PBXFrameworksBuildPhase section */

/* Begin PBXGroup section */
		4533B4AB1C86439C00CCBE63 = {
			isa = PBXGroup;
			children = (
				4533B4B61C86439C00CCBE63 /* TracePilot */,
				4533B4B51C86439C00CCBE63 /* Products */,
				A3E0A8B9589E1A333AE3A59D /* Pods */,
				AD204CAD771AE79F2391E538 /* Frameworks */,
			);
			sourceTree = "<group>";
		};
		4533B4B51C86439C00CCBE63 /* Products */ = {
			isa = PBXGroup;
			children = (
				4533B4B41C86439C00CCBE63 /* TracePilot.app */,
			);
			name = Products;
			sourceTree = "<group>";
		};
		4533B4B61C86439C00CCBE63 /* TracePilot */ = {
			isa = PBXGroup;
			children = (
				FC9A6EC61C92A18A009686C5 /* Cells */,
				FCFB066E1C8E9DA100A90FBF /* Utils */,
				4533B4DB1C87F0E700CCBE63 /* Realm */,
				4533B4B71C86439C00CCBE63 /* AppDelegate.swift */,
				4533B4B91C86439C00CCBE63 /* MainViewParentController.swift */,
				4533B4CD1C86557C00CCBE63 /* SessionViewController.swift */,
				FC6684A41C88FB24007DF2F9 /* FeedViewController.swift */,
				FCFB066C1C8E986900A90FBF /* ResultDisplayViewController.swift */,
				FC6684A61C88FB65007DF2F9 /* R.generated.swift */,
				FC6684A21C88F6FB007DF2F9 /* EditFlightViewController.swift */,
				4533B4C91C8648BF00CCBE63 /* Extensions.swift */,
				4533B4CB1C8648D500CCBE63 /* Shared.swift */,
				45FC609E1C98ED5100ADBBB8 /* BlackBox.swift */,
				4533B4BB1C86439C00CCBE63 /* Main.storyboard */,
				4533B4BE1C86439C00CCBE63 /* Assets.xcassets */,
				4533B4C01C86439C00CCBE63 /* LaunchScreen.storyboard */,
				4533B4C31C86439C00CCBE63 /* Info.plist */,
				4533B4CF1C8656F600CCBE63 /* Resources */,
			);
			path = TracePilot;
			sourceTree = "<group>";
		};
		4533B4CF1C8656F600CCBE63 /* Resources */ = {
			isa = PBXGroup;
			children = (
				45FC60A21C99118D00ADBBB8 /* airports.csv */,
				45FC60A01C990A6300ADBBB8 /* 10sec.mp3 */,
				45FC60961C96512900ADBBB8 /* FeelinGood.mp3 */,
				45FC60971C96512900ADBBB8 /* IronBacon.mp3 */,
				45FC60981C96512900ADBBB8 /* WhatYouWant.mp3 */,
				FC9A6EC41C929060009686C5 /* transport.png */,
				FC66849E1C88EE29007DF2F9 /* TakePhotoRect.png */,
				4533B4D61C868A0F00CCBE63 /* explore-tool.png */,
				4533B4D81C868AC000CCBE63 /* mountain-range.png */,
				4533B4D01C86570400CCBE63 /* Circle.png */,
				4533B4D41C8667E600CCBE63 /* speedometer.png */,
				4533B4D21C86584E00CCBE63 /* plane-front-view.png */,
			);
			name = Resources;
			sourceTree = "<group>";
		};
		4533B4DB1C87F0E700CCBE63 /* Realm */ = {
			isa = PBXGroup;
			children = (
				4533B4DC1C87F16000CCBE63 /* TraceEvent.swift */,
				45FC60A41C9911BA00ADBBB8 /* AirPort.swift */,
			);
			name = Realm;
			sourceTree = "<group>";
		};
		A3E0A8B9589E1A333AE3A59D /* Pods */ = {
			isa = PBXGroup;
			children = (
				C528A53E4A25D06AFEC1EDFF /* Pods.debug.xcconfig */,
				CF3124C23F52557FBFF6BCBF /* Pods.release.xcconfig */,
			);
			name = Pods;
			sourceTree = "<group>";
		};
		AD204CAD771AE79F2391E538 /* Frameworks */ = {
			isa = PBXGroup;
			children = (
				BB88BEA106A1B8DC0FBB31DC /* Pods.framework */,
			);
			name = Frameworks;
			sourceTree = "<group>";
		};
		FC9A6EC61C92A18A009686C5 /* Cells */ = {
			isa = PBXGroup;
			children = (
				FC9A6E991C8FFB34009686C5 /* ResultDiaplayCells.swift */,
				FC9A6EC71C92A1AD009686C5 /* FeedViewCells.swift */,
			);
			name = Cells;
			sourceTree = "<group>";
		};
		FCFB066E1C8E9DA100A90FBF /* Utils */ = {
			isa = PBXGroup;
			children = (
				FC9A6E9B1C90059A009686C5 /* MotionKit.swift */,
				FCFB066F1C8E9DAA00A90FBF /* MulticolorPolylineSegment.swift */,
			);
			name = Utils;
			sourceTree = "<group>";
		};
/* End PBXGroup section */

/* Begin PBXNativeTarget section */
		4533B4B31C86439C00CCBE63 /* TracePilot */ = {
			isa = PBXNativeTarget;
			buildConfigurationList = 4533B4C61C86439C00CCBE63 /* Build configuration list for PBXNativeTarget "TracePilot" */;
			buildPhases = (
				FCAA118D9F15BEE93992978E /* Check Pods Manifest.lock */,
				4533B4B01C86439C00CCBE63 /* Sources */,
				4533B4B11C86439C00CCBE63 /* Frameworks */,
				4533B4B21C86439C00CCBE63 /* Resources */,
				A8948FC4108F10A35366DB37 /* Embed Pods Frameworks */,
				C1C180FE77FBFA8D5425CE72 /* Copy Pods Resources */,
				FC9A6E981C8FEE4E009686C5 /* Embed Frameworks */,
			);
			buildRules = (
			);
			dependencies = (
			);
			name = TracePilot;
			productName = TracePilot;
			productReference = 4533B4B41C86439C00CCBE63 /* TracePilot.app */;
			productType = "com.apple.product-type.application";
		};
/* End PBXNativeTarget section */

/* Begin PBXProject section */
		4533B4AC1C86439C00CCBE63 /* Project object */ = {
			isa = PBXProject;
			attributes = {
				LastSwiftUpdateCheck = 0720;
				LastUpgradeCheck = 0720;
				ORGANIZATIONNAME = VincentHe;
				TargetAttributes = {
					4533B4B31C86439C00CCBE63 = {
						CreatedOnToolsVersion = 7.2;
						DevelopmentTeam = 532TM3B3Z5;
						SystemCapabilities = {
							com.apple.BackgroundModes = {
								enabled = 1;
							};
						};
					};
				};
			};
			buildConfigurationList = 4533B4AF1C86439C00CCBE63 /* Build configuration list for PBXProject "TracePilot" */;
			compatibilityVersion = "Xcode 3.2";
			developmentRegion = English;
			hasScannedForEncodings = 0;
			knownRegions = (
				en,
				Base,
			);
			mainGroup = 4533B4AB1C86439C00CCBE63;
			productRefGroup = 4533B4B51C86439C00CCBE63 /* Products */;
			projectDirPath = "";
			projectRoot = "";
			targets = (
				4533B4B31C86439C00CCBE63 /* TracePilot */,
			);
		};
/* End PBXProject section */

/* Begin PBXResourcesBuildPhase section */
		4533B4B21C86439C00CCBE63 /* Resources */ = {
			isa = PBXResourcesBuildPhase;
			buildActionMask = 2147483647;
			files = (
				4533B4C21C86439C00CCBE63 /* LaunchScreen.storyboard in Resources */,
				4533B4D51C8667E600CCBE63 /* speedometer.png in Resources */,
				4533B4D91C868AC000CCBE63 /* mountain-range.png in Resources */,
				45FC60A11C990A6300ADBBB8 /* 10sec.mp3 in Resources */,
				FC9A6EC51C929060009686C5 /* transport.png in Resources */,
				4533B4D11C86570400CCBE63 /* Circle.png in Resources */,
				FC66849F1C88EE29007DF2F9 /* TakePhotoRect.png in Resources */,
				45FC60A31C99118D00ADBBB8 /* airports.csv in Resources */,
				45FC60991C96512900ADBBB8 /* FeelinGood.mp3 in Resources */,
				4533B4BF1C86439C00CCBE63 /* Assets.xcassets in Resources */,
				4533B4D31C86584E00CCBE63 /* plane-front-view.png in Resources */,
				4533B4BD1C86439C00CCBE63 /* Main.storyboard in Resources */,
				45FC609A1C96512900ADBBB8 /* IronBacon.mp3 in Resources */,
				45FC609B1C96512900ADBBB8 /* WhatYouWant.mp3 in Resources */,
				4533B4D71C868A0F00CCBE63 /* explore-tool.png in Resources */,
			);
			runOnlyForDeploymentPostprocessing = 0;
		};
/* End PBXResourcesBuildPhase section */

/* Begin PBXShellScriptBuildPhase section */
		A8948FC4108F10A35366DB37 /* Embed Pods Frameworks */ = {
			isa = PBXShellScriptBuildPhase;
			buildActionMask = 2147483647;
			files = (
			);
			inputPaths = (
			);
			name = "Embed Pods Frameworks";
			outputPaths = (
			);
			runOnlyForDeploymentPostprocessing = 0;
			shellPath = /bin/sh;
			shellScript = "\"${SRCROOT}/Pods/Target Support Files/Pods/Pods-frameworks.sh\"\n";
			showEnvVarsInLog = 0;
		};
		C1C180FE77FBFA8D5425CE72 /* Copy Pods Resources */ = {
			isa = PBXShellScriptBuildPhase;
			buildActionMask = 2147483647;
			files = (
			);
			inputPaths = (
			);
			name = "Copy Pods Resources";
			outputPaths = (
			);
			runOnlyForDeploymentPostprocessing = 0;
			shellPath = /bin/sh;
			shellScript = "\"${SRCROOT}/Pods/Target Support Files/Pods/Pods-resources.sh\"\n";
			showEnvVarsInLog = 0;
		};
		FCAA118D9F15BEE93992978E /* Check Pods Manifest.lock */ = {
			isa = PBXShellScriptBuildPhase;
			buildActionMask = 2147483647;
			files = (
			);
			inputPaths = (
			);
			name = "Check Pods Manifest.lock";
			outputPaths = (
			);
			runOnlyForDeploymentPostprocessing = 0;
			shellPath = /bin/sh;
			shellScript = "diff \"${PODS_ROOT}/../Podfile.lock\" \"${PODS_ROOT}/Manifest.lock\" > /dev/null\nif [[ $? != 0 ]] ; then\n    cat << EOM\nerror: The sandbox is not in sync with the Podfile.lock. Run 'pod install' or update your CocoaPods installation.\nEOM\n    exit 1\nfi\n";
			showEnvVarsInLog = 0;
		};
/* End PBXShellScriptBuildPhase section */

/* Begin PBXSourcesBuildPhase section */
		4533B4B01C86439C00CCBE63 /* Sources */ = {
			isa = PBXSourcesBuildPhase;
			buildActionMask = 2147483647;
			files = (
				FC9A6EC81C92A1AD009686C5 /* FeedViewCells.swift in Sources */,
				FC6684A31C88F6FB007DF2F9 /* EditFlightViewController.swift in Sources */,
				4533B4BA1C86439C00CCBE63 /* MainViewParentController.swift in Sources */,
				FCFB066D1C8E986900A90FBF /* ResultDisplayViewController.swift in Sources */,
				FC6684A71C88FB65007DF2F9 /* R.generated.swift in Sources */,
				4533B4CA1C8648BF00CCBE63 /* Extensions.swift in Sources */,
				FCFB06701C8E9DAA00A90FBF /* MulticolorPolylineSegment.swift in Sources */,
				FC9A6E9C1C90059A009686C5 /* MotionKit.swift in Sources */,
				45FC609F1C98ED5100ADBBB8 /* BlackBox.swift in Sources */,
				45FC60A51C9911BA00ADBBB8 /* AirPort.swift in Sources */,
				4533B4CC1C8648D500CCBE63 /* Shared.swift in Sources */,
				4533B4CE1C86557C00CCBE63 /* SessionViewController.swift in Sources */,
				4533B4DD1C87F16000CCBE63 /* TraceEvent.swift in Sources */,
				FC9A6E9A1C8FFB34009686C5 /* ResultDiaplayCells.swift in Sources */,
				4533B4B81C86439C00CCBE63 /* AppDelegate.swift in Sources */,
				FC6684A51C88FB24007DF2F9 /* FeedViewController.swift in Sources */,
			);
			runOnlyForDeploymentPostprocessing = 0;
		};
/* End PBXSourcesBuildPhase section */

/* Begin PBXVariantGroup section */
		4533B4BB1C86439C00CCBE63 /* Main.storyboard */ = {
			isa = PBXVariantGroup;
			children = (
				4533B4BC1C86439C00CCBE63 /* Base */,
			);
			name = Main.storyboard;
			sourceTree = "<group>";
		};
		4533B4C01C86439C00CCBE63 /* LaunchScreen.storyboard */ = {
			isa = PBXVariantGroup;
			children = (
				4533B4C11C86439C00CCBE63 /* Base */,
			);
			name = LaunchScreen.storyboard;
			sourceTree = "<group>";
		};
/* End PBXVariantGroup section */

/* Begin XCBuildConfiguration section */
		4533B4C41C86439C00CCBE63 /* Debug */ = {
			isa = XCBuildConfiguration;
			buildSettings = {
				ALWAYS_SEARCH_USER_PATHS = NO;
				CLANG_CXX_LANGUAGE_STANDARD = "gnu++0x";
				CLANG_CXX_LIBRARY = "libc++";
				CLANG_ENABLE_MODULES = YES;
				CLANG_ENABLE_OBJC_ARC = YES;
				CLANG_WARN_BOOL_CONVERSION = YES;
				CLANG_WARN_CONSTANT_CONVERSION = YES;
				CLANG_WARN_DIRECT_OBJC_ISA_USAGE = YES_ERROR;
				CLANG_WARN_EMPTY_BODY = YES;
				CLANG_WARN_ENUM_CONVERSION = YES;
				CLANG_WARN_INT_CONVERSION = YES;
				CLANG_WARN_OBJC_ROOT_CLASS = YES_ERROR;
				CLANG_WARN_UNREACHABLE_CODE = YES;
				CLANG_WARN__DUPLICATE_METHOD_MATCH = YES;
				"CODE_SIGN_IDENTITY[sdk=iphoneos*]" = "iPhone Developer";
				COPY_PHASE_STRIP = NO;
				DEBUG_INFORMATION_FORMAT = dwarf;
				ENABLE_STRICT_OBJC_MSGSEND = YES;
				ENABLE_TESTABILITY = YES;
				GCC_C_LANGUAGE_STANDARD = gnu99;
				GCC_DYNAMIC_NO_PIC = NO;
				GCC_NO_COMMON_BLOCKS = YES;
				GCC_OPTIMIZATION_LEVEL = 0;
				GCC_PREPROCESSOR_DEFINITIONS = (
					"DEBUG=1",
					"$(inherited)",
				);
				GCC_WARN_64_TO_32_BIT_CONVERSION = YES;
				GCC_WARN_ABOUT_RETURN_TYPE = YES_ERROR;
				GCC_WARN_UNDECLARED_SELECTOR = YES;
				GCC_WARN_UNINITIALIZED_AUTOS = YES_AGGRESSIVE;
				GCC_WARN_UNUSED_FUNCTION = YES;
				GCC_WARN_UNUSED_VARIABLE = YES;
				IPHONEOS_DEPLOYMENT_TARGET = 9.2;
				MTL_ENABLE_DEBUG_INFO = YES;
				ONLY_ACTIVE_ARCH = YES;
				SDKROOT = iphoneos;
				SWIFT_OPTIMIZATION_LEVEL = "-Onone";
			};
			name = Debug;
		};
		4533B4C51C86439C00CCBE63 /* Release */ = {
			isa = XCBuildConfiguration;
			buildSettings = {
				ALWAYS_SEARCH_USER_PATHS = NO;
				CLANG_CXX_LANGUAGE_STANDARD = "gnu++0x";
				CLANG_CXX_LIBRARY = "libc++";
				CLANG_ENABLE_MODULES = YES;
				CLANG_ENABLE_OBJC_ARC = YES;
				CLANG_WARN_BOOL_CONVERSION = YES;
				CLANG_WARN_CONSTANT_CONVERSION = YES;
				CLANG_WARN_DIRECT_OBJC_ISA_USAGE = YES_ERROR;
				CLANG_WARN_EMPTY_BODY = YES;
				CLANG_WARN_ENUM_CONVERSION = YES;
				CLANG_WARN_INT_CONVERSION = YES;
				CLANG_WARN_OBJC_ROOT_CLASS = YES_ERROR;
				CLANG_WARN_UNREACHABLE_CODE = YES;
				CLANG_WARN__DUPLICATE_METHOD_MATCH = YES;
				"CODE_SIGN_IDENTITY[sdk=iphoneos*]" = "iPhone Developer";
				COPY_PHASE_STRIP = NO;
				DEBUG_INFORMATION_FORMAT = "dwarf-with-dsym";
				ENABLE_NS_ASSERTIONS = NO;
				ENABLE_STRICT_OBJC_MSGSEND = YES;
				GCC_C_LANGUAGE_STANDARD = gnu99;
				GCC_NO_COMMON_BLOCKS = YES;
				GCC_WARN_64_TO_32_BIT_CONVERSION = YES;
				GCC_WARN_ABOUT_RETURN_TYPE = YES_ERROR;
				GCC_WARN_UNDECLARED_SELECTOR = YES;
				GCC_WARN_UNINITIALIZED_AUTOS = YES_AGGRESSIVE;
				GCC_WARN_UNUSED_FUNCTION = YES;
				GCC_WARN_UNUSED_VARIABLE = YES;
				IPHONEOS_DEPLOYMENT_TARGET = 9.2;
				MTL_ENABLE_DEBUG_INFO = NO;
				SDKROOT = iphoneos;
				VALIDATE_PRODUCT = YES;
			};
			name = Release;
		};
		4533B4C71C86439C00CCBE63 /* Debug */ = {
			isa = XCBuildConfiguration;
			baseConfigurationReference = C528A53E4A25D06AFEC1EDFF /* Pods.debug.xcconfig */;
			buildSettings = {
				ASSETCATALOG_COMPILER_APPICON_NAME = AppIcon;
				CODE_SIGN_IDENTITY = "iPhone Developer";
				"CODE_SIGN_IDENTITY[sdk=iphoneos*]" = "iPhone Developer";
				INFOPLIST_FILE = TracePilot/Info.plist;
				LD_RUNPATH_SEARCH_PATHS = "$(inherited) @executable_path/Frameworks";
				PRODUCT_BUNDLE_IDENTIFIER = Changchen.TracePilot;
				PRODUCT_NAME = "$(TARGET_NAME)";
				PROVISIONING_PROFILE = "";
			};
			name = Debug;
		};
		4533B4C81C86439C00CCBE63 /* Release */ = {
			isa = XCBuildConfiguration;
			baseConfigurationReference = CF3124C23F52557FBFF6BCBF /* Pods.release.xcconfig */;
			buildSettings = {
				ASSETCATALOG_COMPILER_APPICON_NAME = AppIcon;
				CODE_SIGN_IDENTITY = "iPhone Developer";
				"CODE_SIGN_IDENTITY[sdk=iphoneos*]" = "iPhone Developer";
				INFOPLIST_FILE = TracePilot/Info.plist;
				LD_RUNPATH_SEARCH_PATHS = "$(inherited) @executable_path/Frameworks";
				PRODUCT_BUNDLE_IDENTIFIER = Changchen.TracePilot;
				PRODUCT_NAME = "$(TARGET_NAME)";
				PROVISIONING_PROFILE = "";
			};
			name = Release;
		};
/* End XCBuildConfiguration section */

/* Begin XCConfigurationList section */
		4533B4AF1C86439C00CCBE63 /* Build configuration list for PBXProject "TracePilot" */ = {
			isa = XCConfigurationList;
			buildConfigurations = (
				4533B4C41C86439C00CCBE63 /* Debug */,
				4533B4C51C86439C00CCBE63 /* Release */,
			);
			defaultConfigurationIsVisible = 0;
			defaultConfigurationName = Release;
		};
		4533B4C61C86439C00CCBE63 /* Build configuration list for PBXNativeTarget "TracePilot" */ = {
			isa = XCConfigurationList;
			buildConfigurations = (
				4533B4C71C86439C00CCBE63 /* Debug */,
				4533B4C81C86439C00CCBE63 /* Release */,
			);
			defaultConfigurationIsVisible = 0;
			defaultConfigurationName = Release;
		};
/* End XCConfigurationList section */
	};
	rootObject = 4533B4AC1C86439C00CCBE63 /* Project object */;
}
