// !$*UTF8*$!
{
	archiveVersion = 1;
	classes = {
	};
	objectVersion = 46;
	objects = {

/* Begin PBXBuildFile section */
		4533B4B81C86439C00CCBE63 /* AppDelegate.swift in Sources */ = {isa = PBXBuildFile; fileRef = 4533B4B71C86439C00CCBE63 /* AppDelegate.swift */; };
		4533B4BA1C86439C00CCBE63 /* MainViewParentController.swift in Sources */ = {isa = PBXBuildFile; fileRef = 4533B4B91C86439C00CCBE63 /* MainViewParentController.swift */; };
		4533B4BD1C86439C00CCBE63 /* Main.storyboard in Resources */ = {isa = PBXBuildFile; fileRef = 4533B4BB1C86439C00CCBE63 /* Main.storyboard */; };
		4533B4BF1C86439C00CCBE63 /* Assets.xcassets in Resources */ = {isa = PBXBuildFile; fileRef = 4533B4BE1C86439C00CCBE63 /* Assets.xcassets */; };
		4533B4C21C86439C00CCBE63 /* LaunchScreen.storyboard in Resources */ = {isa = PBXBuildFile; fileRef = 4533B4C01C86439C00CCBE63 /* LaunchScreen.storyboard */; };
		4533B4CA1C8648BF00CCBE63 /* Extensions.swift in Sources */ = {isa = PBXBuildFile; fileRef = 4533B4C91C8648BF00CCBE63 /* Extensions.swift */; };
		4533B4CC1C8648D500CCBE63 /* Shared.swift in Sources */ = {isa = PBXBuildFile; fileRef = 4533B4CB1C8648D500CCBE63 /* Shared.swift */; };
		4533B4CE1C86557C00CCBE63 /* SessionViewController.swift in Sources */ = {isa = PBXBuildFile; fileRef = 4533B4CD1C86557C00CCBE63 /* SessionViewController.swift */; };
		4533B4D11C86570400CCBE63 /* Circle.png in Resources */ = {isa = PBXBuildFile; fileRef = 4533B4D01C86570400CCBE63 /* Circle.png */; };
		4533B4D31C86584E00CCBE63 /* plane-front-view.png in Resources */ = {isa = PBXBuildFile; fileRef = 4533B4D21C86584E00CCBE63 /* plane-front-view.png */; };
		4533B4D51C8667E600CCBE63 /* speedometer.png in Resources */ = {isa = PBXBuildFile; fileRef = 4533B4D41C8667E600CCBE63 /* speedometer.png */; };
/* End PBXBuildFile section */

/* Begin PBXFileReference section */
		4533B4B41C86439C00CCBE63 /* TracePilot.app */ = {isa = PBXFileReference; explicitFileType = wrapper.application; includeInIndex = 0; path = TracePilot.app; sourceTree = BUILT_PRODUCTS_DIR; };
		4533B4B71C86439C00CCBE63 /* AppDelegate.swift */ = {isa = PBXFileReference; lastKnownFileType = sourcecode.swift; path = AppDelegate.swift; sourceTree = "<group>"; };
		4533B4B91C86439C00CCBE63 /* MainViewParentController.swift */ = {isa = PBXFileReference; lastKnownFileType = sourcecode.swift; path = MainViewParentController.swift; sourceTree = "<group>"; };
		4533B4BC1C86439C00CCBE63 /* Base */ = {isa = PBXFileReference; lastKnownFileType = file.storyboard; name = Base; path = Base.lproj/Main.storyboard; sourceTree = "<group>"; };
		4533B4BE1C86439C00CCBE63 /* Assets.xcassets */ = {isa = PBXFileReference; lastKnownFileType = folder.assetcatalog; path = Assets.xcassets; sourceTree = "<group>"; };
		4533B4C11C86439C00CCBE63 /* Base */ = {isa = PBXFileReference; lastKnownFileType = file.storyboard; name = Base; path = Base.lproj/LaunchScreen.storyboard; sourceTree = "<group>"; };
		4533B4C31C86439C00CCBE63 /* Info.plist */ = {isa = PBXFileReference; lastKnownFileType = text.plist.xml; path = Info.plist; sourceTree = "<group>"; };
		4533B4C91C8648BF00CCBE63 /* Extensions.swift */ = {isa = PBXFileReference; fileEncoding = 4; lastKnownFileType = sourcecode.swift; path = Extensions.swift; sourceTree = "<group>"; };
		4533B4CB1C8648D500CCBE63 /* Shared.swift */ = {isa = PBXFileReference; fileEncoding = 4; lastKnownFileType = sourcecode.swift; path = Shared.swift; sourceTree = "<group>"; };
		4533B4CD1C86557C00CCBE63 /* SessionViewController.swift */ = {isa = PBXFileReference; fileEncoding = 4; lastKnownFileType = sourcecode.swift; path = SessionViewController.swift; sourceTree = "<group>"; };
		4533B4D01C86570400CCBE63 /* Circle.png */ = {isa = PBXFileReference; lastKnownFileType = image.png; path = Circle.png; sourceTree = "<group>"; };
		4533B4D21C86584E00CCBE63 /* plane-front-view.png */ = {isa = PBXFileReference; lastKnownFileType = image.png; path = "plane-front-view.png"; sourceTree = "<group>"; };
		4533B4D41C8667E600CCBE63 /* speedometer.png */ = {isa = PBXFileReference; lastKnownFileType = image.png; path = speedometer.png; sourceTree = "<group>"; };
/* End PBXFileReference section */

/* Begin PBXFrameworksBuildPhase section */
		4533B4B11C86439C00CCBE63 /* Frameworks */ = {
			isa = PBXFrameworksBuildPhase;
			buildActionMask = 2147483647;
			files = (
			);
			runOnlyForDeploymentPostprocessing = 0;
		};
/* End PBXFrameworksBuildPhase section */

/* Begin PBXGroup section */
		4533B4AB1C86439C00CCBE63 = {
			isa = PBXGroup;
			children = (
				4533B4B61C86439C00CCBE63 /* TracePilot */,
				4533B4B51C86439C00CCBE63 /* Products */,
			);
			sourceTree = "<group>";
		};
		4533B4B51C86439C00CCBE63 /* Products */ = {
			isa = PBXGroup;
			children = (
				4533B4B41C86439C00CCBE63 /* TracePilot.app */,
			);
			name = Products;
			sourceTree = "<group>";
		};
		4533B4B61C86439C00CCBE63 /* TracePilot */ = {
			isa = PBXGroup;
			children = (
				4533B4B71C86439C00CCBE63 /* AppDelegate.swift */,
				4533B4B91C86439C00CCBE63 /* MainViewParentController.swift */,
				4533B4CD1C86557C00CCBE63 /* SessionViewController.swift */,
				4533B4C91C8648BF00CCBE63 /* Extensions.swift */,
				4533B4CB1C8648D500CCBE63 /* Shared.swift */,
				4533B4BB1C86439C00CCBE63 /* Main.storyboard */,
				4533B4BE1C86439C00CCBE63 /* Assets.xcassets */,
				4533B4C01C86439C00CCBE63 /* LaunchScreen.storyboard */,
				4533B4C31C86439C00CCBE63 /* Info.plist */,
				4533B4CF1C8656F600CCBE63 /* Resources */,
			);
			path = TracePilot;
			sourceTree = "<group>";
		};
		4533B4CF1C8656F600CCBE63 /* Resources */ = {
			isa = PBXGroup;
			children = (
				4533B4D01C86570400CCBE63 /* Circle.png */,
				4533B4D41C8667E600CCBE63 /* speedometer.png */,
				4533B4D21C86584E00CCBE63 /* plane-front-view.png */,
			);
			name = Resources;
			sourceTree = "<group>";
		};
/* End PBXGroup section */

/* Begin PBXNativeTarget section */
		4533B4B31C86439C00CCBE63 /* TracePilot */ = {
			isa = PBXNativeTarget;
			buildConfigurationList = 4533B4C61C86439C00CCBE63 /* Build configuration list for PBXNativeTarget "TracePilot" */;
			buildPhases = (
				4533B4B01C86439C00CCBE63 /* Sources */,
				4533B4B11C86439C00CCBE63 /* Frameworks */,
				4533B4B21C86439C00CCBE63 /* Resources */,
			);
			buildRules = (
			);
			dependencies = (
			);
			name = TracePilot;
			productName = TracePilot;
			productReference = 4533B4B41C86439C00CCBE63 /* TracePilot.app */;
			productType = "com.apple.product-type.application";
		};
/* End PBXNativeTarget section */

/* Begin PBXProject section */
		4533B4AC1C86439C00CCBE63 /* Project object */ = {
			isa = PBXProject;
			attributes = {
				LastSwiftUpdateCheck = 0720;
				LastUpgradeCheck = 0720;
				ORGANIZATIONNAME = VincentHe;
				TargetAttributes = {
					4533B4B31C86439C00CCBE63 = {
						CreatedOnToolsVersion = 7.2;
					};
				};
			};
			buildConfigurationList = 4533B4AF1C86439C00CCBE63 /* Build configuration list for PBXProject "TracePilot" */;
			compatibilityVersion = "Xcode 3.2";
			developmentRegion = English;
			hasScannedForEncodings = 0;
			knownRegions = (
				en,
				Base,
			);
			mainGroup = 4533B4AB1C86439C00CCBE63;
			productRefGroup = 4533B4B51C86439C00CCBE63 /* Products */;
			projectDirPath = "";
			projectRoot = "";
			targets = (
				4533B4B31C86439C00CCBE63 /* TracePilot */,
			);
		};
/* End PBXProject section */

/* Begin PBXResourcesBuildPhase section */
		4533B4B21C86439C00CCBE63 /* Resources */ = {
			isa = PBXResourcesBuildPhase;
			buildActionMask = 2147483647;
			files = (
				4533B4C21C86439C00CCBE63 /* LaunchScreen.storyboard in Resources */,
				4533B4D51C8667E600CCBE63 /* speedometer.png in Resources */,
				4533B4D11C86570400CCBE63 /* Circle.png in Resources */,
				4533B4BF1C86439C00CCBE63 /* Assets.xcassets in Resources */,
				4533B4D31C86584E00CCBE63 /* plane-front-view.png in Resources */,
				4533B4BD1C86439C00CCBE63 /* Main.storyboard in Resources */,
			);
			runOnlyForDeploymentPostprocessing = 0;
		};
/* End PBXResourcesBuildPhase section */

/* Begin PBXSourcesBuildPhase section */
		4533B4B01C86439C00CCBE63 /* Sources */ = {
			isa = PBXSourcesBuildPhase;
			buildActionMask = 2147483647;
			files = (
				4533B4BA1C86439C00CCBE63 /* MainViewParentController.swift in Sources */,
				4533B4CA1C8648BF00CCBE63 /* Extensions.swift in Sources */,
				4533B4CC1C8648D500CCBE63 /* Shared.swift in Sources */,
				4533B4CE1C86557C00CCBE63 /* SessionViewController.swift in Sources */,
				4533B4B81C86439C00CCBE63 /* AppDelegate.swift in Sources */,
			);
			runOnlyForDeploymentPostprocessing = 0;
		};
/* End PBXSourcesBuildPhase section */

/* Begin PBXVariantGroup section */
		4533B4BB1C86439C00CCBE63 /* Main.storyboard */ = {
			isa = PBXVariantGroup;
			children = (
				4533B4BC1C86439C00CCBE63 /* Base */,
			);
			name = Main.storyboard;
			sourceTree = "<group>";
		};
		4533B4C01C86439C00CCBE63 /* LaunchScreen.storyboard */ = {
			isa = PBXVariantGroup;
			children = (
				4533B4C11C86439C00CCBE63 /* Base */,
			);
			name = LaunchScreen.storyboard;
			sourceTree = "<group>";
		};
/* End PBXVariantGroup section */

/* Begin XCBuildConfiguration section */
		4533B4C41C86439C00CCBE63 /* Debug */ = {
			isa = XCBuildConfiguration;
			buildSettings = {
				ALWAYS_SEARCH_USER_PATHS = NO;
				CLANG_CXX_LANGUAGE_STANDARD = "gnu++0x";
				CLANG_CXX_LIBRARY = "libc++";
				CLANG_ENABLE_MODULES = YES;
				CLANG_ENABLE_OBJC_ARC = YES;
				CLANG_WARN_BOOL_CONVERSION = YES;
				CLANG_WARN_CONSTANT_CONVERSION = YES;
				CLANG_WARN_DIRECT_OBJC_ISA_USAGE = YES_ERROR;
				CLANG_WARN_EMPTY_BODY = YES;
				CLANG_WARN_ENUM_CONVERSION = YES;
				CLANG_WARN_INT_CONVERSION = YES;
				CLANG_WARN_OBJC_ROOT_CLASS = YES_ERROR;
				CLANG_WARN_UNREACHABLE_CODE = YES;
				CLANG_WARN__DUPLICATE_METHOD_MATCH = YES;
				"CODE_SIGN_IDENTITY[sdk=iphoneos*]" = "iPhone Developer";
				COPY_PHASE_STRIP = NO;
				DEBUG_INFORMATION_FORMAT = dwarf;
				ENABLE_STRICT_OBJC_MSGSEND = YES;
				ENABLE_TESTABILITY = YES;
				GCC_C_LANGUAGE_STANDARD = gnu99;
				GCC_DYNAMIC_NO_PIC = NO;
				GCC_NO_COMMON_BLOCKS = YES;
				GCC_OPTIMIZATION_LEVEL = 0;
				GCC_PREPROCESSOR_DEFINITIONS = (
					"DEBUG=1",
					"$(inherited)",
				);
				GCC_WARN_64_TO_32_BIT_CONVERSION = YES;
				GCC_WARN_ABOUT_RETURN_TYPE = YES_ERROR;
				GCC_WARN_UNDECLARED_SELECTOR = YES;
				GCC_WARN_UNINITIALIZED_AUTOS = YES_AGGRESSIVE;
				GCC_WARN_UNUSED_FUNCTION = YES;
				GCC_WARN_UNUSED_VARIABLE = YES;
				IPHONEOS_DEPLOYMENT_TARGET = 9.2;
				MTL_ENABLE_DEBUG_INFO = YES;
				ONLY_ACTIVE_ARCH = YES;
				SDKROOT = iphoneos;
				SWIFT_OPTIMIZATION_LEVEL = "-Onone";
			};
			name = Debug;
		};
		4533B4C51C86439C00CCBE63 /* Release */ = {
			isa = XCBuildConfiguration;
			buildSettings = {
				ALWAYS_SEARCH_USER_PATHS = NO;
				CLANG_CXX_LANGUAGE_STANDARD = "gnu++0x";
				CLANG_CXX_LIBRARY = "libc++";
				CLANG_ENABLE_MODULES = YES;
				CLANG_ENABLE_OBJC_ARC = YES;
				CLANG_WARN_BOOL_CONVERSION = YES;
				CLANG_WARN_CONSTANT_CONVERSION = YES;
				CLANG_WARN_DIRECT_OBJC_ISA_USAGE = YES_ERROR;
				CLANG_WARN_EMPTY_BODY = YES;
				CLANG_WARN_ENUM_CONVERSION = YES;
				CLANG_WARN_INT_CONVERSION = YES;
				CLANG_WARN_OBJC_ROOT_CLASS = YES_ERROR;
				CLANG_WARN_UNREACHABLE_CODE = YES;
				CLANG_WARN__DUPLICATE_METHOD_MATCH = YES;
				"CODE_SIGN_IDENTITY[sdk=iphoneos*]" = "iPhone Developer";
				COPY_PHASE_STRIP = NO;
				DEBUG_INFORMATION_FORMAT = "dwarf-with-dsym";
				ENABLE_NS_ASSERTIONS = NO;
				ENABLE_STRICT_OBJC_MSGSEND = YES;
				GCC_C_LANGUAGE_STANDARD = gnu99;
				GCC_NO_COMMON_BLOCKS = YES;
				GCC_WARN_64_TO_32_BIT_CONVERSION = YES;
				GCC_WARN_ABOUT_RETURN_TYPE = YES_ERROR;
				GCC_WARN_UNDECLARED_SELECTOR = YES;
				GCC_WARN_UNINITIALIZED_AUTOS = YES_AGGRESSIVE;
				GCC_WARN_UNUSED_FUNCTION = YES;
				GCC_WARN_UNUSED_VARIABLE = YES;
				IPHONEOS_DEPLOYMENT_TARGET = 9.2;
				MTL_ENABLE_DEBUG_INFO = NO;
				SDKROOT = iphoneos;
				VALIDATE_PRODUCT = YES;
			};
			name = Release;
		};
		4533B4C71C86439C00CCBE63 /* Debug */ = {
			isa = XCBuildConfiguration;
			buildSettings = {
				ASSETCATALOG_COMPILER_APPICON_NAME = AppIcon;
				INFOPLIST_FILE = TracePilot/Info.plist;
				LD_RUNPATH_SEARCH_PATHS = "$(inherited) @executable_path/Frameworks";
				PRODUCT_BUNDLE_IDENTIFIER = Changchen.TracePilot;
				PRODUCT_NAME = "$(TARGET_NAME)";
			};
			name = Debug;
		};
		4533B4C81C86439C00CCBE63 /* Release */ = {
			isa = XCBuildConfiguration;
			buildSettings = {
				ASSETCATALOG_COMPILER_APPICON_NAME = AppIcon;
				INFOPLIST_FILE = TracePilot/Info.plist;
				LD_RUNPATH_SEARCH_PATHS = "$(inherited) @executable_path/Frameworks";
				PRODUCT_BUNDLE_IDENTIFIER = Changchen.TracePilot;
				PRODUCT_NAME = "$(TARGET_NAME)";
			};
			name = Release;
		};
/* End XCBuildConfiguration section */

/* Begin XCConfigurationList section */
		4533B4AF1C86439C00CCBE63 /* Build configuration list for PBXProject "TracePilot" */ = {
			isa = XCConfigurationList;
			buildConfigurations = (
				4533B4C41C86439C00CCBE63 /* Debug */,
				4533B4C51C86439C00CCBE63 /* Release */,
			);
			defaultConfigurationIsVisible = 0;
			defaultConfigurationName = Release;
		};
		4533B4C61C86439C00CCBE63 /* Build configuration list for PBXNativeTarget "TracePilot" */ = {
			isa = XCConfigurationList;
			buildConfigurations = (
				4533B4C71C86439C00CCBE63 /* Debug */,
				4533B4C81C86439C00CCBE63 /* Release */,
			);
			defaultConfigurationIsVisible = 0;
		};
/* End XCConfigurationList section */
	};
	rootObject = 4533B4AC1C86439C00CCBE63 /* Project object */;
}
