PODS:
  - EZAudio (1.1.4):
    - EZAudio/Full (= 1.1.4)
  - EZAudio/Core (1.1.4)
  - EZAudio/Full (1.1.4):
    - EZAudio/Core
    - TPCircularBuffer (= 1.1)
  - Realm (0.98.1):
    - Realm/Headers (= 0.98.1)
  - Realm/Headers (0.98.1)
  - RealmSwift (0.98.1):
    - Realm (= 0.98.1)
  - TPCircularBuffer (1.1)

DEPENDENCIES:
  - EZAudio (= 1.1.4)
  - RealmSwift

SPEC CHECKSUMS:
  EZAudio: 8e684b2b81b0437fe45faa7e2725fe99f69c84b6
  Realm: ca4a4122e939e228e10694fc49011386cb2ecb07
  RealmSwift: 7d3c7033427816a2c3417ba0d004d694987e503a
  TPCircularBuffer: 4960a919e667280f7f38963d771f45871b64fe62

COCOAPODS: 0.39.0
