// !$*UTF8*$!
{
	archiveVersion = 1;
	classes = {
	};
	objectVersion = 46;
	objects = {

/* Begin PBXBuildFile section */
		0F29808806E20B1DAAB0AA45 /* Pods.framework in Frameworks */ = {isa = PBXBuildFile; fileRef = 5DE4DE3D40F3FD8CC589272F /* Pods.framework */; };
		452A84C11C6439E100EEAE06 /* AppDelegate.swift in Sources */ = {isa = PBXBuildFile; fileRef = 452A84C01C6439E100EEAE06 /* AppDelegate.swift */; };
		452A84C31C6439E100EEAE06 /* ViewController.swift in Sources */ = {isa = PBXBuildFile; fileRef = 452A84C21C6439E100EEAE06 /* ViewController.swift */; };
		452A84C61C6439E100EEAE06 /* Main.storyboard in Resources */ = {isa = PBXBuildFile; fileRef = 452A84C41C6439E100EEAE06 /* Main.storyboard */; };
		452A84C81C6439E100EEAE06 /* Assets.xcassets in Resources */ = {isa = PBXBuildFile; fileRef = 452A84C71C6439E100EEAE06 /* Assets.xcassets */; };
		452A84CB1C6439E100EEAE06 /* LaunchScreen.storyboard in Resources */ = {isa = PBXBuildFile; fileRef = 452A84C91C6439E100EEAE06 /* LaunchScreen.storyboard */; };
		452A84D31C643BBD00EEAE06 /* MainCollectionViewCells.swift in Sources */ = {isa = PBXBuildFile; fileRef = 452A84D21C643BBD00EEAE06 /* MainCollectionViewCells.swift */; };
		452A84D61C6452A000EEAE06 /* PickerJob.swift in Sources */ = {isa = PBXBuildFile; fileRef = 452A84D51C6452A000EEAE06 /* PickerJob.swift */; };
		FC227B391C6547720045AE05 /* PickOne.png in Resources */ = {isa = PBXBuildFile; fileRef = FC227B381C6547720045AE05 /* PickOne.png */; };
		FC227B3B1C6547A70045AE05 /* AddButton.png in Resources */ = {isa = PBXBuildFile; fileRef = FC227B3A1C6547A70045AE05 /* AddButton.png */; };
		FC227B3D1C6548880045AE05 /* cross92 (1).png in Resources */ = {isa = PBXBuildFile; fileRef = FC227B3C1C6548880045AE05 /* cross92 (1).png */; };
		FC227B3F1C65488D0045AE05 /* pencil23 (1).png in Resources */ = {isa = PBXBuildFile; fileRef = FC227B3E1C65488D0045AE05 /* pencil23 (1).png */; };
/* End PBXBuildFile section */

/* Begin PBXFileReference section */
		20FA3C7F0CAB20101479A652 /* Pods.release.xcconfig */ = {isa = PBXFileReference; includeInIndex = 1; lastKnownFileType = text.xcconfig; name = Pods.release.xcconfig; path = "Pods/Target Support Files/Pods/Pods.release.xcconfig"; sourceTree = "<group>"; };
		452A84BD1C6439E100EEAE06 /* PickerOne.app */ = {isa = PBXFileReference; explicitFileType = wrapper.application; includeInIndex = 0; path = PickerOne.app; sourceTree = BUILT_PRODUCTS_DIR; };
		452A84C01C6439E100EEAE06 /* AppDelegate.swift */ = {isa = PBXFileReference; lastKnownFileType = sourcecode.swift; path = AppDelegate.swift; sourceTree = "<group>"; };
		452A84C21C6439E100EEAE06 /* ViewController.swift */ = {isa = PBXFileReference; lastKnownFileType = sourcecode.swift; path = ViewController.swift; sourceTree = "<group>"; };
		452A84C51C6439E100EEAE06 /* Base */ = {isa = PBXFileReference; lastKnownFileType = file.storyboard; name = Base; path = Base.lproj/Main.storyboard; sourceTree = "<group>"; };
		452A84C71C6439E100EEAE06 /* Assets.xcassets */ = {isa = PBXFileReference; lastKnownFileType = folder.assetcatalog; path = Assets.xcassets; sourceTree = "<group>"; };
		452A84CA1C6439E100EEAE06 /* Base */ = {isa = PBXFileReference; lastKnownFileType = file.storyboard; name = Base; path = Base.lproj/LaunchScreen.storyboard; sourceTree = "<group>"; };
		452A84CC1C6439E100EEAE06 /* Info.plist */ = {isa = PBXFileReference; lastKnownFileType = text.plist.xml; path = Info.plist; sourceTree = "<group>"; };
		452A84D21C643BBD00EEAE06 /* MainCollectionViewCells.swift */ = {isa = PBXFileReference; fileEncoding = 4; lastKnownFileType = sourcecode.swift; path = MainCollectionViewCells.swift; sourceTree = "<group>"; };
		452A84D51C6452A000EEAE06 /* PickerJob.swift */ = {isa = PBXFileReference; fileEncoding = 4; lastKnownFileType = sourcecode.swift; path = PickerJob.swift; sourceTree = "<group>"; };
		5DE4DE3D40F3FD8CC589272F /* Pods.framework */ = {isa = PBXFileReference; explicitFileType = wrapper.framework; includeInIndex = 0; path = Pods.framework; sourceTree = BUILT_PRODUCTS_DIR; };
		8E03822DEBD56116821A2BB6 /* Pods.debug.xcconfig */ = {isa = PBXFileReference; includeInIndex = 1; lastKnownFileType = text.xcconfig; name = Pods.debug.xcconfig; path = "Pods/Target Support Files/Pods/Pods.debug.xcconfig"; sourceTree = "<group>"; };
		FC227B381C6547720045AE05 /* PickOne.png */ = {isa = PBXFileReference; lastKnownFileType = image.png; path = PickOne.png; sourceTree = "<group>"; };
		FC227B3A1C6547A70045AE05 /* AddButton.png */ = {isa = PBXFileReference; lastKnownFileType = image.png; path = AddButton.png; sourceTree = "<group>"; };
		FC227B3C1C6548880045AE05 /* cross92 (1).png */ = {isa = PBXFileReference; lastKnownFileType = image.png; path = "cross92 (1).png"; sourceTree = "<group>"; };
		FC227B3E1C65488D0045AE05 /* pencil23 (1).png */ = {isa = PBXFileReference; lastKnownFileType = image.png; path = "pencil23 (1).png"; sourceTree = "<group>"; };
/* End PBXFileReference section */

/* Begin PBXFrameworksBuildPhase section */
		452A84BA1C6439E100EEAE06 /* Frameworks */ = {
			isa = PBXFrameworksBuildPhase;
			buildActionMask = 2147483647;
			files = (
				0F29808806E20B1DAAB0AA45 /* Pods.framework in Frameworks */,
			);
			runOnlyForDeploymentPostprocessing = 0;
		};
/* End PBXFrameworksBuildPhase section */

/* Begin PBXGroup section */
		452A84B41C6439E100EEAE06 = {
			isa = PBXGroup;
			children = (
				452A84BF1C6439E100EEAE06 /* PickerOne */,
				452A84BE1C6439E100EEAE06 /* Products */,
				4A76895C68F61551DD998088 /* Pods */,
				DC634D389BA8A58B156A83B1 /* Frameworks */,
			);
			sourceTree = "<group>";
		};
		452A84BE1C6439E100EEAE06 /* Products */ = {
			isa = PBXGroup;
			children = (
				452A84BD1C6439E100EEAE06 /* PickerOne.app */,
			);
			name = Products;
			sourceTree = "<group>";
		};
		452A84BF1C6439E100EEAE06 /* PickerOne */ = {
			isa = PBXGroup;
			children = (
				FC227B351C65450E0045AE05 /* Resources */,
				452A84D41C64527900EEAE06 /* Realm */,
				452A84C01C6439E100EEAE06 /* AppDelegate.swift */,
				452A84C21C6439E100EEAE06 /* ViewController.swift */,
				452A84D21C643BBD00EEAE06 /* MainCollectionViewCells.swift */,
				452A84C41C6439E100EEAE06 /* Main.storyboard */,
				452A84C71C6439E100EEAE06 /* Assets.xcassets */,
				452A84C91C6439E100EEAE06 /* LaunchScreen.storyboard */,
				452A84CC1C6439E100EEAE06 /* Info.plist */,
			);
			path = PickerOne;
			sourceTree = "<group>";
		};
		452A84D41C64527900EEAE06 /* Realm */ = {
			isa = PBXGroup;
			children = (
				452A84D51C6452A000EEAE06 /* PickerJob.swift */,
			);
			name = Realm;
			sourceTree = "<group>";
		};
		4A76895C68F61551DD998088 /* Pods */ = {
			isa = PBXGroup;
			children = (
				8E03822DEBD56116821A2BB6 /* Pods.debug.xcconfig */,
				20FA3C7F0CAB20101479A652 /* Pods.release.xcconfig */,
			);
			name = Pods;
			sourceTree = "<group>";
		};
		DC634D389BA8A58B156A83B1 /* Frameworks */ = {
			isa = PBXGroup;
			children = (
				5DE4DE3D40F3FD8CC589272F /* Pods.framework */,
			);
			name = Frameworks;
			sourceTree = "<group>";
		};
		FC227B351C65450E0045AE05 /* Resources */ = {
			isa = PBXGroup;
			children = (
				FC227B3E1C65488D0045AE05 /* pencil23 (1).png */,
				FC227B3C1C6548880045AE05 /* cross92 (1).png */,
				FC227B381C6547720045AE05 /* PickOne.png */,
				FC227B3A1C6547A70045AE05 /* AddButton.png */,
			);
			name = Resources;
			sourceTree = "<group>";
		};
/* End PBXGroup section */

/* Begin PBXNativeTarget section */
		452A84BC1C6439E100EEAE06 /* PickerOne */ = {
			isa = PBXNativeTarget;
			buildConfigurationList = 452A84CF1C6439E100EEAE06 /* Build configuration list for PBXNativeTarget "PickerOne" */;
			buildPhases = (
				40AD572D9166D8C6180CE2F2 /* Check Pods Manifest.lock */,
				452A84B91C6439E100EEAE06 /* Sources */,
				452A84BA1C6439E100EEAE06 /* Frameworks */,
				452A84BB1C6439E100EEAE06 /* Resources */,
				3C10046519EB75F4D30EF2C5 /* Embed Pods Frameworks */,
				A91119451D1B651386E3B63D /* Copy Pods Resources */,
			);
			buildRules = (
			);
			dependencies = (
			);
			name = PickerOne;
			productName = PickerOne;
			productReference = 452A84BD1C6439E100EEAE06 /* PickerOne.app */;
			productType = "com.apple.product-type.application";
		};
/* End PBXNativeTarget section */

/* Begin PBXProject section */
		452A84B51C6439E100EEAE06 /* Project object */ = {
			isa = PBXProject;
			attributes = {
				LastSwiftUpdateCheck = 0720;
				LastUpgradeCheck = 0720;
				ORGANIZATIONNAME = VincentHe;
				TargetAttributes = {
					452A84BC1C6439E100EEAE06 = {
						CreatedOnToolsVersion = 7.2;
					};
				};
			};
			buildConfigurationList = 452A84B81C6439E100EEAE06 /* Build configuration list for PBXProject "PickerOne" */;
			compatibilityVersion = "Xcode 3.2";
			developmentRegion = English;
			hasScannedForEncodings = 0;
			knownRegions = (
				en,
				Base,
			);
			mainGroup = 452A84B41C6439E100EEAE06;
			productRefGroup = 452A84BE1C6439E100EEAE06 /* Products */;
			projectDirPath = "";
			projectRoot = "";
			targets = (
				452A84BC1C6439E100EEAE06 /* PickerOne */,
			);
		};
/* End PBXProject section */

/* Begin PBXResourcesBuildPhase section */
		452A84BB1C6439E100EEAE06 /* Resources */ = {
			isa = PBXResourcesBuildPhase;
			buildActionMask = 2147483647;
			files = (
				452A84CB1C6439E100EEAE06 /* LaunchScreen.storyboard in Resources */,
				452A84C81C6439E100EEAE06 /* Assets.xcassets in Resources */,
				452A84C61C6439E100EEAE06 /* Main.storyboard in Resources */,
				FC227B3F1C65488D0045AE05 /* pencil23 (1).png in Resources */,
				FC227B3B1C6547A70045AE05 /* AddButton.png in Resources */,
				FC227B391C6547720045AE05 /* PickOne.png in Resources */,
				FC227B3D1C6548880045AE05 /* cross92 (1).png in Resources */,
			);
			runOnlyForDeploymentPostprocessing = 0;
		};
/* End PBXResourcesBuildPhase section */

/* Begin PBXShellScriptBuildPhase section */
		3C10046519EB75F4D30EF2C5 /* Embed Pods Frameworks */ = {
			isa = PBXShellScriptBuildPhase;
			buildActionMask = 2147483647;
			files = (
			);
			inputPaths = (
			);
			name = "Embed Pods Frameworks";
			outputPaths = (
			);
			runOnlyForDeploymentPostprocessing = 0;
			shellPath = /bin/sh;
			shellScript = "\"${SRCROOT}/Pods/Target Support Files/Pods/Pods-frameworks.sh\"\n";
			showEnvVarsInLog = 0;
		};
		40AD572D9166D8C6180CE2F2 /* Check Pods Manifest.lock */ = {
			isa = PBXShellScriptBuildPhase;
			buildActionMask = 2147483647;
			files = (
			);
			inputPaths = (
			);
			name = "Check Pods Manifest.lock";
			outputPaths = (
			);
			runOnlyForDeploymentPostprocessing = 0;
			shellPath = /bin/sh;
			shellScript = "diff \"${PODS_ROOT}/../Podfile.lock\" \"${PODS_ROOT}/Manifest.lock\" > /dev/null\nif [[ $? != 0 ]] ; then\n    cat << EOM\nerror: The sandbox is not in sync with the Podfile.lock. Run 'pod install' or update your CocoaPods installation.\nEOM\n    exit 1\nfi\n";
			showEnvVarsInLog = 0;
		};
		A91119451D1B651386E3B63D /* Copy Pods Resources */ = {
			isa = PBXShellScriptBuildPhase;
			buildActionMask = 2147483647;
			files = (
			);
			inputPaths = (
			);
			name = "Copy Pods Resources";
			outputPaths = (
			);
			runOnlyForDeploymentPostprocessing = 0;
			shellPath = /bin/sh;
			shellScript = "\"${SRCROOT}/Pods/Target Support Files/Pods/Pods-resources.sh\"\n";
			showEnvVarsInLog = 0;
		};
/* End PBXShellScriptBuildPhase section */

/* Begin PBXSourcesBuildPhase section */
		452A84B91C6439E100EEAE06 /* Sources */ = {
			isa = PBXSourcesBuildPhase;
			buildActionMask = 2147483647;
			files = (
				452A84C31C6439E100EEAE06 /* ViewController.swift in Sources */,
				452A84D31C643BBD00EEAE06 /* MainCollectionViewCells.swift in Sources */,
				452A84C11C6439E100EEAE06 /* AppDelegate.swift in Sources */,
				452A84D61C6452A000EEAE06 /* PickerJob.swift in Sources */,
			);
			runOnlyForDeploymentPostprocessing = 0;
		};
/* End PBXSourcesBuildPhase section */

/* Begin PBXVariantGroup section */
		452A84C41C6439E100EEAE06 /* Main.storyboard */ = {
			isa = PBXVariantGroup;
			children = (
				452A84C51C6439E100EEAE06 /* Base */,
			);
			name = Main.storyboard;
			sourceTree = "<group>";
		};
		452A84C91C6439E100EEAE06 /* LaunchScreen.storyboard */ = {
			isa = PBXVariantGroup;
			children = (
				452A84CA1C6439E100EEAE06 /* Base */,
			);
			name = LaunchScreen.storyboard;
			sourceTree = "<group>";
		};
/* End PBXVariantGroup section */

/* Begin XCBuildConfiguration section */
		452A84CD1C6439E100EEAE06 /* Debug */ = {
			isa = XCBuildConfiguration;
			buildSettings = {
				ALWAYS_SEARCH_USER_PATHS = NO;
				CLANG_CXX_LANGUAGE_STANDARD = "gnu++0x";
				CLANG_CXX_LIBRARY = "libc++";
				CLANG_ENABLE_MODULES = YES;
				CLANG_ENABLE_OBJC_ARC = YES;
				CLANG_WARN_BOOL_CONVERSION = YES;
				CLANG_WARN_CONSTANT_CONVERSION = YES;
				CLANG_WARN_DIRECT_OBJC_ISA_USAGE = YES_ERROR;
				CLANG_WARN_EMPTY_BODY = YES;
				CLANG_WARN_ENUM_CONVERSION = YES;
				CLANG_WARN_INT_CONVERSION = YES;
				CLANG_WARN_OBJC_ROOT_CLASS = YES_ERROR;
				CLANG_WARN_UNREACHABLE_CODE = YES;
				CLANG_WARN__DUPLICATE_METHOD_MATCH = YES;
				"CODE_SIGN_IDENTITY[sdk=iphoneos*]" = "iPhone Developer";
				COPY_PHASE_STRIP = NO;
				DEBUG_INFORMATION_FORMAT = dwarf;
				ENABLE_STRICT_OBJC_MSGSEND = YES;
				ENABLE_TESTABILITY = YES;
				GCC_C_LANGUAGE_STANDARD = gnu99;
				GCC_DYNAMIC_NO_PIC = NO;
				GCC_NO_COMMON_BLOCKS = YES;
				GCC_OPTIMIZATION_LEVEL = 0;
				GCC_PREPROCESSOR_DEFINITIONS = (
					"DEBUG=1",
					"$(inherited)",
				);
				GCC_WARN_64_TO_32_BIT_CONVERSION = YES;
				GCC_WARN_ABOUT_RETURN_TYPE = YES_ERROR;
				GCC_WARN_UNDECLARED_SELECTOR = YES;
				GCC_WARN_UNINITIALIZED_AUTOS = YES_AGGRESSIVE;
				GCC_WARN_UNUSED_FUNCTION = YES;
				GCC_WARN_UNUSED_VARIABLE = YES;
				IPHONEOS_DEPLOYMENT_TARGET = 9.2;
				MTL_ENABLE_DEBUG_INFO = YES;
				ONLY_ACTIVE_ARCH = YES;
				SDKROOT = iphoneos;
				SWIFT_OPTIMIZATION_LEVEL = "-Onone";
			};
			name = Debug;
		};
		452A84CE1C6439E100EEAE06 /* Release */ = {
			isa = XCBuildConfiguration;
			buildSettings = {
				ALWAYS_SEARCH_USER_PATHS = NO;
				CLANG_CXX_LANGUAGE_STANDARD = "gnu++0x";
				CLANG_CXX_LIBRARY = "libc++";
				CLANG_ENABLE_MODULES = YES;
				CLANG_ENABLE_OBJC_ARC = YES;
				CLANG_WARN_BOOL_CONVERSION = YES;
				CLANG_WARN_CONSTANT_CONVERSION = YES;
				CLANG_WARN_DIRECT_OBJC_ISA_USAGE = YES_ERROR;
				CLANG_WARN_EMPTY_BODY = YES;
				CLANG_WARN_ENUM_CONVERSION = YES;
				CLANG_WARN_INT_CONVERSION = YES;
				CLANG_WARN_OBJC_ROOT_CLASS = YES_ERROR;
				CLANG_WARN_UNREACHABLE_CODE = YES;
				CLANG_WARN__DUPLICATE_METHOD_MATCH = YES;
				"CODE_SIGN_IDENTITY[sdk=iphoneos*]" = "iPhone Developer";
				COPY_PHASE_STRIP = NO;
				DEBUG_INFORMATION_FORMAT = "dwarf-with-dsym";
				ENABLE_NS_ASSERTIONS = NO;
				ENABLE_STRICT_OBJC_MSGSEND = YES;
				GCC_C_LANGUAGE_STANDARD = gnu99;
				GCC_NO_COMMON_BLOCKS = YES;
				GCC_WARN_64_TO_32_BIT_CONVERSION = YES;
				GCC_WARN_ABOUT_RETURN_TYPE = YES_ERROR;
				GCC_WARN_UNDECLARED_SELECTOR = YES;
				GCC_WARN_UNINITIALIZED_AUTOS = YES_AGGRESSIVE;
				GCC_WARN_UNUSED_FUNCTION = YES;
				GCC_WARN_UNUSED_VARIABLE = YES;
				IPHONEOS_DEPLOYMENT_TARGET = 9.2;
				MTL_ENABLE_DEBUG_INFO = NO;
				SDKROOT = iphoneos;
				VALIDATE_PRODUCT = YES;
			};
			name = Release;
		};
		452A84D01C6439E100EEAE06 /* Debug */ = {
			isa = XCBuildConfiguration;
			baseConfigurationReference = 8E03822DEBD56116821A2BB6 /* Pods.debug.xcconfig */;
			buildSettings = {
				ASSETCATALOG_COMPILER_APPICON_NAME = AppIcon;
				INFOPLIST_FILE = PickerOne/Info.plist;
				LD_RUNPATH_SEARCH_PATHS = "$(inherited) @executable_path/Frameworks";
				PRODUCT_BUNDLE_IDENTIFIER = Changchen.PickerOne;
				PRODUCT_NAME = "$(TARGET_NAME)";
			};
			name = Debug;
		};
		452A84D11C6439E100EEAE06 /* Release */ = {
			isa = XCBuildConfiguration;
			baseConfigurationReference = 20FA3C7F0CAB20101479A652 /* Pods.release.xcconfig */;
			buildSettings = {
				ASSETCATALOG_COMPILER_APPICON_NAME = AppIcon;
				INFOPLIST_FILE = PickerOne/Info.plist;
				LD_RUNPATH_SEARCH_PATHS = "$(inherited) @executable_path/Frameworks";
				PRODUCT_BUNDLE_IDENTIFIER = Changchen.PickerOne;
				PRODUCT_NAME = "$(TARGET_NAME)";
			};
			name = Release;
		};
/* End XCBuildConfiguration section */

/* Begin XCConfigurationList section */
		452A84B81C6439E100EEAE06 /* Build configuration list for PBXProject "PickerOne" */ = {
			isa = XCConfigurationList;
			buildConfigurations = (
				452A84CD1C6439E100EEAE06 /* Debug */,
				452A84CE1C6439E100EEAE06 /* Release */,
			);
			defaultConfigurationIsVisible = 0;
			defaultConfigurationName = Release;
		};
		452A84CF1C6439E100EEAE06 /* Build configuration list for PBXNativeTarget "PickerOne" */ = {
			isa = XCConfigurationList;
			buildConfigurations = (
				452A84D01C6439E100EEAE06 /* Debug */,
				452A84D11C6439E100EEAE06 /* Release */,
			);
			defaultConfigurationIsVisible = 0;
			defaultConfigurationName = Release;
		};
/* End XCConfigurationList section */
	};
	rootObject = 452A84B51C6439E100EEAE06 /* Project object */;
}
